
Microsoft Visual Studio Solution File, Format Version 12.00
# Visual Studio Version 16
VisualStudioVersion = 16.0.32126.315
MinimumVisualStudioVersion = 10.0.40219.1
Project("{FAE04EC0-301F-11D3-BF4B-00C04F79EFBC}") = "RevolutionGym", "RevolutionGym\RevolutionGym.csproj", "{B44FC218-95C0-47C1-875E-BABB9656F2D1}"
EndProject
Global
	GlobalSection(SolutionConfigurationPlatforms) = preSolution
		Debug|Any CPU = Debug|Any CPU
		Release|Any CPU = Release|Any CPU
	EndGlobalSection
	GlobalSection(ProjectConfigurationPlatforms) = postSolution
		{B44FC218-95C0-47C1-875E-BABB9656F2D1}.Debug|Any CPU.ActiveCfg = Debug|Any CPU
		{B44FC218-95C0-47C1-875E-BABB9656F2D1}.Debug|Any CPU.Build.0 = Debug|Any CPU
		{B44FC218-95C0-47C1-875E-BABB9656F2D1}.Release|Any CPU.ActiveCfg = Release|Any CPU
		{B44FC218-95C0-47C1-875E-BABB9656F2D1}.Release|Any CPU.Build.0 = Release|Any CPU
	EndGlobalSection
	GlobalSection(SolutionProperties) = preSolution
		HideSolutionNode = FALSE
	EndGlobalSection
	GlobalSection(ExtensibilityGlobals) = postSolution
		SolutionGuid = {B9B4C9D0-A1CA-4293-BDCC-5467CD784605}
	EndGlobalSection
EndGlobal
